
Microsoft Visual Studio Solution File, Format Version 12.00
# Visual Studio 15
VisualStudioVersion = 15.0.27130.2027
MinimumVisualStudioVersion = 10.0.40219.1
Project("{8BC9CEB8-8B4A-11D0-8D11-00A0C91BC942}") = "Begin", "Basics of C++\Basics of C++.vcxproj", "{37348527-92C8-41FE-93BF-6762CC55E7CB}"
EndProject
Project("{8BC9CEB8-8B4A-11D0-8D11-00A0C91BC942}") = "Functions", "Functions\Functions.vcxproj", "{307D3606-2CF5-40A9-9D75-24DF10CCE5A7}"
EndProject
Project("{8BC9CEB8-8B4A-11D0-8D11-00A0C91BC942}") = "Strings", "Strings\Strings.vcxproj", "{E952D37C-45A2-41A3-84AC-5A7777C7FD8E}"
EndProject
Global
	GlobalSection(SolutionConfigurationPlatforms) = preSolution
		Debug|x64 = Debug|x64
		Debug|x86 = Debug|x86
		Release|x64 = Release|x64
		Release|x86 = Release|x86
	EndGlobalSection
	GlobalSection(ProjectConfigurationPlatforms) = postSolution
		{37348527-92C8-41FE-93BF-6762CC55E7CB}.Debug|x64.ActiveCfg = Debug|x64
		{37348527-92C8-41FE-93BF-6762CC55E7CB}.Debug|x64.Build.0 = Debug|x64
		{37348527-92C8-41FE-93BF-6762CC55E7CB}.Debug|x86.ActiveCfg = Debug|Win32
		{37348527-92C8-41FE-93BF-6762CC55E7CB}.Debug|x86.Build.0 = Debug|Win32
		{37348527-92C8-41FE-93BF-6762CC55E7CB}.Release|x64.ActiveCfg = Release|x64
		{37348527-92C8-41FE-93BF-6762CC55E7CB}.Release|x64.Build.0 = Release|x64
		{37348527-92C8-41FE-93BF-6762CC55E7CB}.Release|x86.ActiveCfg = Release|Win32
		{37348527-92C8-41FE-93BF-6762CC55E7CB}.Release|x86.Build.0 = Release|Win32
		{307D3606-2CF5-40A9-9D75-24DF10CCE5A7}.Debug|x64.ActiveCfg = Debug|x64
		{307D3606-2CF5-40A9-9D75-24DF10CCE5A7}.Debug|x64.Build.0 = Debug|x64
		{307D3606-2CF5-40A9-9D75-24DF10CCE5A7}.Debug|x86.ActiveCfg = Debug|Win32
		{307D3606-2CF5-40A9-9D75-24DF10CCE5A7}.Debug|x86.Build.0 = Debug|Win32
		{307D3606-2CF5-40A9-9D75-24DF10CCE5A7}.Release|x64.ActiveCfg = Release|x64
		{307D3606-2CF5-40A9-9D75-24DF10CCE5A7}.Release|x64.Build.0 = Release|x64
		{307D3606-2CF5-40A9-9D75-24DF10CCE5A7}.Release|x86.ActiveCfg = Release|Win32
		{307D3606-2CF5-40A9-9D75-24DF10CCE5A7}.Release|x86.Build.0 = Release|Win32
		{E952D37C-45A2-41A3-84AC-5A7777C7FD8E}.Debug|x64.ActiveCfg = Debug|x64
		{E952D37C-45A2-41A3-84AC-5A7777C7FD8E}.Debug|x64.Build.0 = Debug|x64
		{E952D37C-45A2-41A3-84AC-5A7777C7FD8E}.Debug|x86.ActiveCfg = Debug|Win32
		{E952D37C-45A2-41A3-84AC-5A7777C7FD8E}.Debug|x86.Build.0 = Debug|Win32
		{E952D37C-45A2-41A3-84AC-5A7777C7FD8E}.Release|x64.ActiveCfg = Release|x64
		{E952D37C-45A2-41A3-84AC-5A7777C7FD8E}.Release|x64.Build.0 = Release|x64
		{E952D37C-45A2-41A3-84AC-5A7777C7FD8E}.Release|x86.ActiveCfg = Release|Win32
		{E952D37C-45A2-41A3-84AC-5A7777C7FD8E}.Release|x86.Build.0 = Release|Win32
	EndGlobalSection
	GlobalSection(SolutionProperties) = preSolution
		HideSolutionNode = FALSE
	EndGlobalSection
	GlobalSection(ExtensibilityGlobals) = postSolution
		SolutionGuid = {D52EBBBF-7016-4A48-8166-4CF195B4D9FA}
	EndGlobalSection
EndGlobal
